
Microsoft Visual Studio Solution File, Format Version 12.00
# Visual Studio Version 17
VisualStudioVersion = 17.9.34728.123
MinimumVisualStudioVersion = 10.0.40219.1
Project("{FAE04EC0-301F-11D3-BF4B-00C04F79EFBC}") = "dictionary-stock", "dictionary-stock\dictionary-stock.csproj", "{FE42ACEE-23DB-4BD8-94CB-EA6326BB5D31}"
EndProject
Project("{9A19103F-16F7-4668-BE54-9A1E7A4F7556}") = "primeiro-projeto", "..\primeiro-projeto\primeiro-projeto\primeiro-projeto.csproj", "{CEA1D24A-1408-4FEF-9F7D-28CDFB4A333A}"
EndProject
Global
	GlobalSection(SolutionConfigurationPlatforms) = preSolution
		Debug|Any CPU = Debug|Any CPU
		Release|Any CPU = Release|Any CPU
	EndGlobalSection
	GlobalSection(ProjectConfigurationPlatforms) = postSolution
		{FE42ACEE-23DB-4BD8-94CB-EA6326BB5D31}.Debug|Any CPU.ActiveCfg = Debug|Any CPU
		{FE42ACEE-23DB-4BD8-94CB-EA6326BB5D31}.Debug|Any CPU.Build.0 = Debug|Any CPU
		{FE42ACEE-23DB-4BD8-94CB-EA6326BB5D31}.Release|Any CPU.ActiveCfg = Release|Any CPU
		{FE42ACEE-23DB-4BD8-94CB-EA6326BB5D31}.Release|Any CPU.Build.0 = Release|Any CPU
		{CEA1D24A-1408-4FEF-9F7D-28CDFB4A333A}.Debug|Any CPU.ActiveCfg = Debug|Any CPU
		{CEA1D24A-1408-4FEF-9F7D-28CDFB4A333A}.Debug|Any CPU.Build.0 = Debug|Any CPU
		{CEA1D24A-1408-4FEF-9F7D-28CDFB4A333A}.Release|Any CPU.ActiveCfg = Release|Any CPU
		{CEA1D24A-1408-4FEF-9F7D-28CDFB4A333A}.Release|Any CPU.Build.0 = Release|Any CPU
	EndGlobalSection
	GlobalSection(SolutionProperties) = preSolution
		HideSolutionNode = FALSE
	EndGlobalSection
	GlobalSection(ExtensibilityGlobals) = postSolution
		SolutionGuid = {ACF6CF75-5651-4594-9F35-5E794885F3CC}
	EndGlobalSection
EndGlobal
